github.com/aws/aws-sdk-go-v2 v1.16.14 h1:db6GvO4Z2UqHt5gvT0lr6J5x5P+oQ7bdRzczVaRekMU=
github.com/aws/aws-sdk-go-v2 v1.16.14/go.mod h1:s/G+UV29dECbF5rf+RNj1xhlmvoNurGSr+McVSRj59w=
github.com/aws/aws-sdk-go-v2/config v1.17.5 h1:+NS1BWvprx7nHcIk5o32LrZgifs/7Pm1V2nWjQgZ2H0=
github.com/aws/aws-sdk-go-v2/config v1.17.5/go.mod h1:H0cvPNDO3uExWts/9PDhD/0ne2esu1uaIulwn1vkwxM=
github.com/aws/aws-sdk-go-v2/credentials v1.12.18 h1:HF62tbhARhgLfvmfwUbL9qZ+dkbZYzbFdxBb3l5gr7Q=
github.com/aws/aws-sdk-go-v2/credentials v1.12.18/go.mod h1:O7n/CPagQ33rfG6h7vR/W02ammuc5CrsSM22cNZp9so=
github.com/aws/aws-sdk-go-v2/feature/ec2/imds v1.12.15 h1:nkQ+aI0OCeYfzrBipL6ja/6VEbUnHQoZHBHtoK+Nzxw=
github.com/aws/aws-sdk-go-v2/feature/ec2/imds v1.12.15/go.mod h1:Oz2/qWINxIgSmoZT9adpxJy2UhpcOAI3TIyWgYMVSz0=
github.com/aws/aws-sdk-go-v2/internal/configsources v1.1.21 h1:gRIXnmAVNyoRQywdNtpAkgY+f30QNzgF53Q5OobNZZs=
github.com/aws/aws-sdk-go-v2/internal/configsources v1.1.21/go.mod h1:XsmHMV9c512xgsW01q7H0ut+UQQQpWX8QsFbdLHDwaU=
github.com/aws/aws-sdk-go-v2/internal/endpoints/v2 v2.4.15 h1:noAhOo2mMDyYhTx99aYPvQw16T3fQ/DiKAv9fzpIKH8=
github.com/aws/aws-sdk-go-v2/internal/endpoints/v2 v2.4.15/go.mod h1:kjJ4CyD9M3Wq88GYg3IPfj67Rs0Uvz8aXK7MJ8BvE4I=
github.com/aws/aws-sdk-go-v2/internal/ini v1.3.22 h1:nF+E8HfYpOMw6M5oA9efB602VC00IHNQnB5CmFvZPvA=
github.com/aws/aws-sdk-go-v2/internal/ini v1.3.22/go.mod h1:tltHVGy977LrSOgRR5aV9+miyno/Gul/uJNPKS7FzP4=
github.com/aws/aws-sdk-go-v2/service/firehose v1.14.17 h1:RYhiXj4fg6kTlw0dLrxhYW06baZZ+FNoCgruNfxlClo=
github.com/aws/aws-sdk-go-v2/service/firehose v1.14.17/go.mod h1:FNVhncjzUA/rQAruKRoq9dOBk14hTrN1WVDaLP5huho=
github.com/aws/aws-sdk-go-v2/service/internal/presigned-url v1.9.15 h1:xlf0J6DUgAj/ocvKQxCmad8Bu1lJuRbt5Wu+4G1xw1g=
github.com/aws/aws-sdk-go-v2/service/internal/presigned-url v1.9.15/go.mod h1:ZVJ7ejRl4+tkWMuCwjXoy0jd8fF5u3RCyWjSVjUIvQE=
github.com/aws/aws-sdk-go-v2/service/sso v1.11.21 h1:7jUFr+7F4MzIjCZzy7ygRtXFQcQ0kAbT0gUvtUeAdyU=
github.com/aws/aws-sdk-go-v2/service/sso v1.11.21/go.mod h1:q8nYq51W3gpZempYsAD83fPRlrOTMCwN+Ahg4BKFTXQ=
github.com/aws/aws-sdk-go-v2/service/ssooidc v1.13.3 h1:UTTPNP3/WzZa7hoHP3Szb/Yl0bM3NoBrf5ABy1OArUM=
github.com/aws/aws-sdk-go-v2/service/ssooidc v1.13.3/go.mod h1:+IF75RMJh0+zqTGXGshyEGRsU2ImqWv6UuHGkHl6kEo=
github.com/aws/aws-sdk-go-v2/service/sts v1.16.17 h1:LVM2jzEQ8mhb2dhrFl4PJ3sa5+KcKT01dsMk2Ma9/FU=
github.com/aws/aws-sdk-go-v2/service/sts v1.16.17/go.mod h1:bQujK1n0V1D1Gz5uII1jaB1WDvhj4/T3tElsJnVXCR0=
github.com/aws/smithy-go v1.13.2 h1:TBLKyeJfXTrTXRHmsv4qWt9IQGYyWThLYaJWSahTOGE=
github.com/aws/smithy-go v1.13.2/go.mod h1:Tg+OJXh4MB2R/uN61Ko2f6hTZwB/ZYGOtib8J3gBHzA=
github.com/beorn7/perks v0.0.0-20160804104726-4c0e84591b9a h1:BtpsbiV638WQZwhA98cEZw2BsbnQJrbd0BI7tsy0W1c=
github.com/beorn7/perks v0.0.0-20160804104726-4c0e84591b9a/go.mod h1:Dwedo/Wpr24TaqPxmxbtue+5NUziq4I4S80YR8gNf3Q=
github.com/davecgh/go-spew v1.1.0 h1:ZDRjVQ15GmhC3fiQ8ni8+OwkZQO4DARzQgrnXU1Liz8=
github.com/davecgh/go-spew v1.1.0/go.mod h1:J7Y8YcW2NihsgmVo/mv3lAwl/skON4iLHjSsI+c5H38=
github.com/fsnotify/fsnotify v1.5.4 h1:jRbGcIw6P2Meqdwuo0H1p6JVLbL5DHKAKlYndzMwVZI=
github.com/fsnotify/fsnotify v1.5.4/go.mod h1:OVB6XrOHzAwXMpEM7uPOzcehqUV2UqJxmVXmkdnm1bU=
github.com/glycerine/goconvey v0.0.0-20190410193231-58a59202ab31 h1:gclg6gY70GLy3PbkQ1AERPfmLMMagS60DKF78eWwLn8=
github.com/glycerine/goconvey v0.0.0-20190410193231-58a59202ab31/go.mod h1:Ogl1Tioa0aV7gstGFO7KhffUsb9M4ydbEbbxpcEDc24=
github.com/glycerine/rbuf v0.0.0-20171031012212-54320fe9f6f3 h1:GZLk0hk9wgGlRmrne2L/rVFYdf//dSgbSqYpfX0fYvY=
github.com/glycerine/rbuf v0.0.0-20171031012212-54320fe9f6f3/go.mod h1:BOGkN1CszB3i4g9xn96RH4t5uXnxJjnC5/RWJ1Wx7GM=
github.com/golang/protobuf v0.0.0-20171113180720-1e59b77b52bf h1:pFr/u+m8QUBMW/itAczltF3guNRAL7XDs5tD3f6nSD0=
github.com/golang/protobuf v0.0.0-20171113180720-1e59b77b52bf/go.mod h1:6lQm79b+lXiMfvg/cZm0SGofjICqVBUtrP5yJMmIC1U=
github.com/google/go-cmp v0.5.8 h1:e6P7q2lk1O+qJJb4BtCQXlK8vWEO8V1ZeuEdJNOqZyg=
github.com/google/go-cmp v0.5.8/go.mod h1:17dUlkBOakJ0+DkrSSNjCkIjxS6bF9zb3elmeNGIjoY=
github.com/gopherjs/gopherjs v0.0.0-20181017120253-0766667cb4d1 h1:EGx4pi6eqNxGaHF6qqu48+N2wcFQ5qg5FXgOdqsJ5d8=
github.com/gopherjs/gopherjs v0.0.0-20181017120253-0766667cb4d1/go.mod h1:wJfORRmW1u3UXTncJ5qlYoELFm8eSnnEO6hX4iZ3EWY=
github.com/jessevdk/go-flags v1.3.0 h1:QmKsgik/Z5fJ11ZtlcA8F+XW9dNybBNFQ1rngF3MmdU=
github.com/jessevdk/go-flags v1.3.0/go.mod h1:4FA24M0QyGHXBuZZK/XkWh8h0e1EYbRYJSGM75WSRxI=
github.com/jmespath/go-jmespath v0.4.0/go.mod h1:T8mJZnbsbmF+m6zOOFylbeCJqk5+pHWvzYPziyZiYoo=
github.com/jmespath/go-jmespath/internal/testify v1.5.1/go.mod h1:L3OGu8Wl2/fWfCI6z80xFu9LTZmf1ZRjMHUOPmWr69U=
github.com/jtolds/gls v4.20.0+incompatible h1:xdiiI2gbIgH/gLH7ADydsJ1uDOEzR8yvV7C0MuV77Wo=
github.com/jtolds/gls v4.20.0+incompatible/go.mod h1:QJZ7F/aHp+rZTRtaJ1ow/lLfFfVYBRgL+9YlvaHOwJU=
github.com/matttproud/golang_protobuf_extensions v1.0.0 h1:YNOwxxSJzSUARoD9KRZLzM9Y858MNGCOACTvCW9TSAc=
github.com/matttproud/golang_protobuf_extensions v1.0.0/go.mod h1:D8He9yQNgCq6Z5Ld7szi9bcBfOoFv/3dc6xSMkL2PC0=
github.com/pkg/errors v0.8.0 h1:WdK/asTD0HN+q6hsWO3/vpuAkAr+tw6aNJNDFFf0+qw=
github.com/pkg/errors v0.8.0/go.mod h1:bwawxfHBFNV+L2hUp1rHADufV3IMtnDRdf1r5NINEl0=
github.com/pmezard/go-difflib v1.0.0 h1:4DBwDE0NGyQoBHbLQYPwSUPoCMWR5BEzIk/f1lZbAQM=
github.com/pmezard/go-difflib v1.0.0/go.mod h1:iKH77koFhYxTK1pcRnkKkqfTogsbg7gZNVY4sRDYZ/4=
github.com/prometheus/client_golang v0.9.0-pre1.0.20180120141031-06bc6e01f4ba h1:DwrBl1xgpiljhPfa6s3Hs2oiu1qdSNX36lbhHmA4oHM=
github.com/prometheus/client_golang v0.9.0-pre1.0.20180120141031-06bc6e01f4ba/go.mod h1:7SWBe2y4D6OKWSNQJUaRYU/AaXPKyh/dDVn+NZz0KFw=
github.com/prometheus/client_model v0.0.0-20171117100541-99fa1f4be8e5 h1:cLL6NowurKLMfCeQy4tIeph12XNQWgANCNvdyrOYKV4=
github.com/prometheus/client_model v0.0.0-20171117100541-99fa1f4be8e5/go.mod h1:MbSGuTsp3dbXC40dX6PRTWyKYBIrTGTE9sqQNg2J8bo=
github.com/prometheus/common v0.0.0-20180110214958-89604d197083 h1:BVsJT8+ZbyuL3hypz/HmEiM8h2P6hBQGig4el9/MdjA=
github.com/prometheus/common v0.0.0-20180110214958-89604d197083/go.mod h1:daVV7qP5qjZbuso7PdcryaAu0sAZbrN9i7WWcTMWvro=
github.com/prometheus/procfs v0.0.0-20171226183907-b15cd069a834 h1:HRxr4uZnx/S86wVQsfXcKhadpzdceXn2qCzCtagcI6w=
github.com/prometheus/procfs v0.0.0-20171226183907-b15cd069a834/go.mod h1:c3At6R/oaqEKCNdg8wHV1ftS6bRYblBhIjjI8uT2IGk=
github.com/smartystreets/assertions v1.2.0 h1:42S6lae5dvLc7BrLu/0ugRtcFVjoJNMC/N3yZFZkDFs=
github.com/smartystreets/assertions v1.2.0/go.mod h1:tcbTF8ujkAEcZ8TElKY+i30BzYlVhC/LOxJk7iOWnoo=
github.com/smartystreets/goconvey v1.7.2 h1:9RBaZCeXEQ3UselpuwUQHltGVXvdwm6cv1hgR6gDIPg=
github.com/smartystreets/goconvey v1.7.2/go.mod h1:Vw0tHAZW6lzCRk3xgdin6fKYcG+G3Pg9vgXWeJpQFMM=
github.com/stretchr/objx v0.1.0/go.mod h1:HFkY916IF+rwdDfMAkV7OtwuqBVzrE8GR6GFx+wExME=
github.com/stretchr/testify v1.2.0 h1:LThGCOvhuJic9Gyd1VBCkhyUXmO8vKaBFvBsJ2k03rg=
github.com/stretchr/testify v1.2.0/go.mod h1:a8OnRcib4nhh0OaRAV+Yts87kKdq0PP7pXfy6kDkUVs=
github.com/thomaso-mirodin/tailer v0.0.0-20170505202952-9130db02ce56 h1:q1aNAo9m+r4xm0gG1WhbLGcdm4zRkZ7OdH+9vCvqPVs=
github.com/thomaso-mirodin/tailer v0.0.0-20170505202952-9130db02ce56/go.mod h1:AWZ0iuNrYuC0PcNzAXTIzwMdWk7nKPFM9vSALzzqewg=
golang.org/x/crypto v0.0.0-20190308221718-c2843e01d9a2/go.mod h1:djNgcEr1/C05ACkg1iLfiJU5Ep61QUkGW8qpdssI0+w=
golang.org/x/net v0.0.0-20190311183353-d8887717615a/go.mod h1:t9HGtf8HONx5eT2rtn7q6eTqICYqUVnKs3thJo3Qplg=
golang.org/x/sync v0.0.0-20220819030929-7fc1605a5dde h1:ejfdSekXMDxDLbRrJMwUk6KnSLZ2McaUCVcIKM+N6jc=
golang.org/x/sync v0.0.0-20220819030929-7fc1605a5dde/go.mod h1:RxMgew5VJxzue5/jJTE5uejpjVlOe/izrB70Jof72aM=
golang.org/x/sys v0.0.0-20190215142949-d0b11bdaac8a/go.mod h1:STP8DvDyc/dI5b8T5hshtkjS+E42TnysNCUPdjciGhY=
golang.org/x/sys v0.0.0-20220412211240-33da011f77ad/go.mod h1:oPkhp1MJrh7nUepCBck5+mAzfO9JrbApNNgaTdGDITg=
golang.org/x/sys v0.0.0-20220728004956-3c1f35247d10 h1:WIoqL4EROvwiPdUtaip4VcDdpZ4kha7wBWZrbVKCIZg=
golang.org/x/sys v0.0.0-20220728004956-3c1f35247d10/go.mod h1:oPkhp1MJrh7nUepCBck5+mAzfO9JrbApNNgaTdGDITg=
golang.org/x/text v0.3.0/go.mod h1:NqM8EUOU14njkJ3fqMW+pc6Ldnwhi/IjpwHt7yyuwOQ=
golang.org/x/tools v0.0.0-20190328211700-ab21143f2384/go.mod h1:LCzVGOaR6xXOjkQ3onu1FJEFr0SW1gC7cKk1uF8kGRs=
gopkg.in/check.v1 v0.0.0-20161208181325-20d25e280405/go.mod h1:Co6ibVJAznAaIkqp8huTwlJQCZ016jof/cbN4VW5Yz0=
gopkg.in/fsnotify.v1 v1.4.7 h1:xOHLXZwVvI9hhs+cLKq5+I5onOuwQLhQwiu63xxlHs4=
gopkg.in/fsnotify.v1 v1.4.7/go.mod h1:Tz8NjZHkW78fSQdbUxIjBTcgA1z1m8ZHf0WmKUhAMys=
gopkg.in/yaml.v2 v2.2.8/go.mod h1:hI93XBmqTisBFMUTm0b8Fm+jr3Dg1NNxqwp+5A1VGuI=
